
Microsoft Visual Studio Solution File, Format Version 12.00
# Visual Studio Version 17
VisualStudioVersion = 17.9.34616.47
MinimumVisualStudioVersion = 10.0.40219.1
Project("{FAE04EC0-301F-11D3-BF4B-00C04F79EFBC}") = "BeforeRefactor", "BeforeRefactor\BeforeRefactor.csproj", "{5B1FAE22-1B4A-46F0-B3DB-3CEBD6612B5B}"
EndProject
Project("{FAE04EC0-301F-11D3-BF4B-00C04F79EFBC}") = "AfterRefactor", "AfterRefactor\AfterRefactor.csproj", "{A8698335-97EA-44DA-BF5E-5FEC7AFDDA59}"
EndProject
Project("{FAE04EC0-301F-11D3-BF4B-00C04F79EFBC}") = "AfterRefactor.Tests", "AfterRefactor.Tests\AfterRefactor.Tests.csproj", "{DD40E264-F6D7-4DFC-9B20-31C8AEDE053E}"
EndProject
Global
	GlobalSection(SolutionConfigurationPlatforms) = preSolution
		Debug|Any CPU = Debug|Any CPU
		Release|Any CPU = Release|Any CPU
	EndGlobalSection
	GlobalSection(ProjectConfigurationPlatforms) = postSolution
		{5B1FAE22-1B4A-46F0-B3DB-3CEBD6612B5B}.Debug|Any CPU.ActiveCfg = Debug|Any CPU
		{5B1FAE22-1B4A-46F0-B3DB-3CEBD6612B5B}.Debug|Any CPU.Build.0 = Debug|Any CPU
		{5B1FAE22-1B4A-46F0-B3DB-3CEBD6612B5B}.Release|Any CPU.ActiveCfg = Release|Any CPU
		{5B1FAE22-1B4A-46F0-B3DB-3CEBD6612B5B}.Release|Any CPU.Build.0 = Release|Any CPU
		{A8698335-97EA-44DA-BF5E-5FEC7AFDDA59}.Debug|Any CPU.ActiveCfg = Debug|Any CPU
		{A8698335-97EA-44DA-BF5E-5FEC7AFDDA59}.Debug|Any CPU.Build.0 = Debug|Any CPU
		{A8698335-97EA-44DA-BF5E-5FEC7AFDDA59}.Release|Any CPU.ActiveCfg = Release|Any CPU
		{A8698335-97EA-44DA-BF5E-5FEC7AFDDA59}.Release|Any CPU.Build.0 = Release|Any CPU
		{DD40E264-F6D7-4DFC-9B20-31C8AEDE053E}.Debug|Any CPU.ActiveCfg = Debug|Any CPU
		{DD40E264-F6D7-4DFC-9B20-31C8AEDE053E}.Debug|Any CPU.Build.0 = Debug|Any CPU
		{DD40E264-F6D7-4DFC-9B20-31C8AEDE053E}.Release|Any CPU.ActiveCfg = Release|Any CPU
		{DD40E264-F6D7-4DFC-9B20-31C8AEDE053E}.Release|Any CPU.Build.0 = Release|Any CPU
	EndGlobalSection
	GlobalSection(SolutionProperties) = preSolution
		HideSolutionNode = FALSE
	EndGlobalSection
	GlobalSection(ExtensibilityGlobals) = postSolution
		SolutionGuid = {72C6F7DD-1CF0-4FE8-ABD7-562BCFD72B3B}
	EndGlobalSection
EndGlobal
