
Microsoft Visual Studio Solution File, Format Version 12.00
# Visual Studio Version 17
VisualStudioVersion = 17.9.34616.47
MinimumVisualStudioVersion = 10.0.40219.1
Project("{FAE04EC0-301F-11D3-BF4B-00C04F79EFBC}") = "BucksCoffeeShop", "BucksCoffeeShop\BucksCoffeeShop.csproj", "{058C9540-FDCD-47CA-93E6-FB24CB5CF33D}"
EndProject
Global
	GlobalSection(SolutionConfigurationPlatforms) = preSolution
		Debug|Any CPU = Debug|Any CPU
		Release|Any CPU = Release|Any CPU
	EndGlobalSection
	GlobalSection(ProjectConfigurationPlatforms) = postSolution
		{058C9540-FDCD-47CA-93E6-FB24CB5CF33D}.Debug|Any CPU.ActiveCfg = Debug|Any CPU
		{058C9540-FDCD-47CA-93E6-FB24CB5CF33D}.Debug|Any CPU.Build.0 = Debug|Any CPU
		{058C9540-FDCD-47CA-93E6-FB24CB5CF33D}.Release|Any CPU.ActiveCfg = Release|Any CPU
		{058C9540-FDCD-47CA-93E6-FB24CB5CF33D}.Release|Any CPU.Build.0 = Release|Any CPU
	EndGlobalSection
	GlobalSection(SolutionProperties) = preSolution
		HideSolutionNode = FALSE
	EndGlobalSection
	GlobalSection(ExtensibilityGlobals) = postSolution
		SolutionGuid = {B47BC685-453A-4D12-9188-C899C1A7D48E}
	EndGlobalSection
EndGlobal
